// !$*UTF8*$!
{
	archiveVersion = 1;
	classes = {
	};
	objectVersion = 46;
	objects = {

/* Begin PBXBuildFile section */
		85014A9C1B359F7800E190C8 /* libicucore.dylib in Frameworks */ = {isa = PBXBuildFile; fileRef = 85014A9B1B359F7800E190C8 /* libicucore.dylib */; };
		85014A9E1B359F8100E190C8 /* libc++.dylib in Frameworks */ = {isa = PBXBuildFile; fileRef = 85014A9D1B359F8100E190C8 /* libc++.dylib */; };
		85014AA01B359F8900E190C8 /* CFNetwork.framework in Frameworks */ = {isa = PBXBuildFile; fileRef = 85014A9F1B359F8900E190C8 /* CFNetwork.framework */; };
		85014AA21B359F9000E190C8 /* Security.framework in Frameworks */ = {isa = PBXBuildFile; fileRef = 85014AA11B359F9000E190C8 /* Security.framework */; };
		85014AA41B359F9700E190C8 /* SystemConfiguration.framework in Frameworks */ = {isa = PBXBuildFile; fileRef = 85014AA31B359F9700E190C8 /* SystemConfiguration.framework */; };
		85014AA81B35AE8E00E190C8 /* ProfileViewController.m in Sources */ = {isa = PBXBuildFile; fileRef = 85014AA71B35AE8E00E190C8 /* ProfileViewController.m */; };
		85014AAC1B35BD7400E190C8 /* ChatViewController.m in Sources */ = {isa = PBXBuildFile; fileRef = 85014AAB1B35BD7400E190C8 /* ChatViewController.m */; };
		85067ECF1B41998A006E536C /* Fabric.framework in Frameworks */ = {isa = PBXBuildFile; fileRef = 85067ECD1B41998A006E536C /* Fabric.framework */; };
		85067ED01B41998A006E536C /* Crashlytics.framework in Frameworks */ = {isa = PBXBuildFile; fileRef = 85067ECE1B41998A006E536C /* Crashlytics.framework */; };
		85304DD11B3E6853000405A8 /* Firebase.framework in Frameworks */ = {isa = PBXBuildFile; fileRef = 85304DD01B3E6853000405A8 /* Firebase.framework */; };
		85963F7B1B34C8F7006E2868 /* main.m in Sources */ = {isa = PBXBuildFile; fileRef = 85963F7A1B34C8F7006E2868 /* main.m */; };
		85963F7E1B34C8F7006E2868 /* AppDelegate.m in Sources */ = {isa = PBXBuildFile; fileRef = 85963F7D1B34C8F7006E2868 /* AppDelegate.m */; };
		85963F811B34C8F7006E2868 /* yesand.xcdatamodeld in Sources */ = {isa = PBXBuildFile; fileRef = 85963F7F1B34C8F7006E2868 /* yesand.xcdatamodeld */; };
		85963F841B34C8F7006E2868 /* HomeViewController.m in Sources */ = {isa = PBXBuildFile; fileRef = 85963F831B34C8F7006E2868 /* HomeViewController.m */; };
		85963F871B34C8F7006E2868 /* Main.storyboard in Resources */ = {isa = PBXBuildFile; fileRef = 85963F851B34C8F7006E2868 /* Main.storyboard */; };
		85963F891B34C8F7006E2868 /* Images.xcassets in Resources */ = {isa = PBXBuildFile; fileRef = 85963F881B34C8F7006E2868 /* Images.xcassets */; };
		85963F8C1B34C8F7006E2868 /* LaunchScreen.xib in Resources */ = {isa = PBXBuildFile; fileRef = 85963F8A1B34C8F7006E2868 /* LaunchScreen.xib */; };
		85963F981B34C8F7006E2868 /* yesandTests.m in Sources */ = {isa = PBXBuildFile; fileRef = 85963F971B34C8F7006E2868 /* yesandTests.m */; };
		85963FA21B34D264006E2868 /* MapKit.framework in Frameworks */ = {isa = PBXBuildFile; fileRef = 85963FA11B34D264006E2868 /* MapKit.framework */; };
		85963FA51B359D9C006E2868 /* AuthViewController.m in Sources */ = {isa = PBXBuildFile; fileRef = 85963FA41B359D9C006E2868 /* AuthViewController.m */; };
		85CFE43C1B4350B9002A52A1 /* TwitterAuthHelper.m in Sources */ = {isa = PBXBuildFile; fileRef = 85CFE43B1B4350B9002A52A1 /* TwitterAuthHelper.m */; };
		BF372B461B3B1DEA00D7AE0C /* RateView.m in Sources */ = {isa = PBXBuildFile; fileRef = BF372B451B3B1DEA00D7AE0C /* RateView.m */; };
		BF372B811B3C3F5600D7AE0C /* CoreLocation.framework in Frameworks */ = {isa = PBXBuildFile; fileRef = BF372B801B3C3F5600D7AE0C /* CoreLocation.framework */; };
		BF372B891B3C531A00D7AE0C /* Social.framework in Frameworks */ = {isa = PBXBuildFile; fileRef = BF372B881B3C531A00D7AE0C /* Social.framework */; };
		BF372B8B1B3C537200D7AE0C /* Accounts.framework in Frameworks */ = {isa = PBXBuildFile; fileRef = BF372B8A1B3C537200D7AE0C /* Accounts.framework */; };
		BF372B911B3CD59F00D7AE0C /* TabBar.m in Sources */ = {isa = PBXBuildFile; fileRef = BF372B901B3CD59F00D7AE0C /* TabBar.m */; };
		BF4F90861B39E4EC00A93680 /* EditProfileViewController.m in Sources */ = {isa = PBXBuildFile; fileRef = BF4F90851B39E4EC00A93680 /* EditProfileViewController.m */; };
		BF4F90891B39F0D600A93680 /* AudienceViewController.m in Sources */ = {isa = PBXBuildFile; fileRef = BF4F90881B39F0D600A93680 /* AudienceViewController.m */; };
		BF4F908C1B39FA7900A93680 /* RatingViewController.m in Sources */ = {isa = PBXBuildFile; fileRef = BF4F908B1B39FA7900A93680 /* RatingViewController.m */; };
		F96300F71B41E3B3009F459B /* ReceiveTableViewCell.m in Sources */ = {isa = PBXBuildFile; fileRef = F96300F61B41E3B3009F459B /* ReceiveTableViewCell.m */; };
		F96300FA1B41E3C1009F459B /* SendTableViewCell.m in Sources */ = {isa = PBXBuildFile; fileRef = F96300F91B41E3C1009F459B /* SendTableViewCell.m */; };
		F99E11F11B3DACFD00A75738 /* HomeTableViewCell.m in Sources */ = {isa = PBXBuildFile; fileRef = F99E11F01B3DACFD00A75738 /* HomeTableViewCell.m */; };
		F9A55C5F1B42F3F500E47D1A /* AudienceReceiveTableViewCell.m in Sources */ = {isa = PBXBuildFile; fileRef = F9A55C5E1B42F3F500E47D1A /* AudienceReceiveTableViewCell.m */; };
		F9A55C621B42F40600E47D1A /* AudienceSendTableViewCell.m in Sources */ = {isa = PBXBuildFile; fileRef = F9A55C611B42F40600E47D1A /* AudienceSendTableViewCell.m */; };
/* End PBXBuildFile section */

/* Begin PBXContainerItemProxy section */
		85963F921B34C8F7006E2868 /* PBXContainerItemProxy */ = {
			isa = PBXContainerItemProxy;
			containerPortal = 85963F6D1B34C8F7006E2868 /* Project object */;
			proxyType = 1;
			remoteGlobalIDString = 85963F741B34C8F7006E2868;
			remoteInfo = yesand;
		};
/* End PBXContainerItemProxy section */

/* Begin PBXFileReference section */
		85014A9B1B359F7800E190C8 /* libicucore.dylib */ = {isa = PBXFileReference; lastKnownFileType = "compiled.mach-o.dylib"; name = libicucore.dylib; path = usr/lib/libicucore.dylib; sourceTree = SDKROOT; };
		85014A9D1B359F8100E190C8 /* libc++.dylib */ = {isa = PBXFileReference; lastKnownFileType = "compiled.mach-o.dylib"; name = "libc++.dylib"; path = "usr/lib/libc++.dylib"; sourceTree = SDKROOT; };
		85014A9F1B359F8900E190C8 /* CFNetwork.framework */ = {isa = PBXFileReference; lastKnownFileType = wrapper.framework; name = CFNetwork.framework; path = System/Library/Frameworks/CFNetwork.framework; sourceTree = SDKROOT; };
		85014AA11B359F9000E190C8 /* Security.framework */ = {isa = PBXFileReference; lastKnownFileType = wrapper.framework; name = Security.framework; path = System/Library/Frameworks/Security.framework; sourceTree = SDKROOT; };
		85014AA31B359F9700E190C8 /* SystemConfiguration.framework */ = {isa = PBXFileReference; lastKnownFileType = wrapper.framework; name = SystemConfiguration.framework; path = System/Library/Frameworks/SystemConfiguration.framework; sourceTree = SDKROOT; };
		85014AA61B35AE8E00E190C8 /* ProfileViewController.h */ = {isa = PBXFileReference; fileEncoding = 4; lastKnownFileType = sourcecode.c.h; path = ProfileViewController.h; sourceTree = "<group>"; };
		85014AA71B35AE8E00E190C8 /* ProfileViewController.m */ = {isa = PBXFileReference; fileEncoding = 4; lastKnownFileType = sourcecode.c.objc; path = ProfileViewController.m; sourceTree = "<group>"; };
		85014AAA1B35BD7400E190C8 /* ChatViewController.h */ = {isa = PBXFileReference; fileEncoding = 4; lastKnownFileType = sourcecode.c.h; path = ChatViewController.h; sourceTree = "<group>"; };
		85014AAB1B35BD7400E190C8 /* ChatViewController.m */ = {isa = PBXFileReference; fileEncoding = 4; lastKnownFileType = sourcecode.c.objc; path = ChatViewController.m; sourceTree = "<group>"; };
		85067ECD1B41998A006E536C /* Fabric.framework */ = {isa = PBXFileReference; lastKnownFileType = wrapper.framework; path = Fabric.framework; sourceTree = "<group>"; };
		85067ECE1B41998A006E536C /* Crashlytics.framework */ = {isa = PBXFileReference; lastKnownFileType = wrapper.framework; path = Crashlytics.framework; sourceTree = "<group>"; };
		85304DD01B3E6853000405A8 /* Firebase.framework */ = {isa = PBXFileReference; lastKnownFileType = wrapper.framework; path = Firebase.framework; sourceTree = "<group>"; };
		85963F751B34C8F7006E2868 /* yesand.app */ = {isa = PBXFileReference; explicitFileType = wrapper.application; includeInIndex = 0; path = yesand.app; sourceTree = BUILT_PRODUCTS_DIR; };
		85963F791B34C8F7006E2868 /* Info.plist */ = {isa = PBXFileReference; lastKnownFileType = text.plist.xml; path = Info.plist; sourceTree = "<group>"; };
		85963F7A1B34C8F7006E2868 /* main.m */ = {isa = PBXFileReference; lastKnownFileType = sourcecode.c.objc; path = main.m; sourceTree = "<group>"; };
		85963F7C1B34C8F7006E2868 /* AppDelegate.h */ = {isa = PBXFileReference; lastKnownFileType = sourcecode.c.h; path = AppDelegate.h; sourceTree = "<group>"; };
		85963F7D1B34C8F7006E2868 /* AppDelegate.m */ = {isa = PBXFileReference; lastKnownFileType = sourcecode.c.objc; path = AppDelegate.m; sourceTree = "<group>"; };
		85963F801B34C8F7006E2868 /* yesand.xcdatamodel */ = {isa = PBXFileReference; lastKnownFileType = wrapper.xcdatamodel; path = yesand.xcdatamodel; sourceTree = "<group>"; };
		85963F821B34C8F7006E2868 /* HomeViewController.h */ = {isa = PBXFileReference; lastKnownFileType = sourcecode.c.h; path = HomeViewController.h; sourceTree = "<group>"; };
		85963F831B34C8F7006E2868 /* HomeViewController.m */ = {isa = PBXFileReference; lastKnownFileType = sourcecode.c.objc; path = HomeViewController.m; sourceTree = "<group>"; tabWidth = 4; };
		85963F861B34C8F7006E2868 /* Base */ = {isa = PBXFileReference; lastKnownFileType = file.storyboard; name = Base; path = Base.lproj/Main.storyboard; sourceTree = "<group>"; };
		85963F881B34C8F7006E2868 /* Images.xcassets */ = {isa = PBXFileReference; lastKnownFileType = folder.assetcatalog; path = Images.xcassets; sourceTree = "<group>"; };
		85963F8B1B34C8F7006E2868 /* Base */ = {isa = PBXFileReference; lastKnownFileType = file.xib; name = Base; path = Base.lproj/LaunchScreen.xib; sourceTree = "<group>"; };
		85963F911B34C8F7006E2868 /* yesandTests.xctest */ = {isa = PBXFileReference; explicitFileType = wrapper.cfbundle; includeInIndex = 0; path = yesandTests.xctest; sourceTree = BUILT_PRODUCTS_DIR; };
		85963F961B34C8F7006E2868 /* Info.plist */ = {isa = PBXFileReference; lastKnownFileType = text.plist.xml; path = Info.plist; sourceTree = "<group>"; };
		85963F971B34C8F7006E2868 /* yesandTests.m */ = {isa = PBXFileReference; lastKnownFileType = sourcecode.c.objc; path = yesandTests.m; sourceTree = "<group>"; };
		85963FA11B34D264006E2868 /* MapKit.framework */ = {isa = PBXFileReference; lastKnownFileType = wrapper.framework; name = MapKit.framework; path = System/Library/Frameworks/MapKit.framework; sourceTree = SDKROOT; };
		85963FA31B359D9C006E2868 /* AuthViewController.h */ = {isa = PBXFileReference; fileEncoding = 4; lastKnownFileType = sourcecode.c.h; path = AuthViewController.h; sourceTree = "<group>"; };
		85963FA41B359D9C006E2868 /* AuthViewController.m */ = {isa = PBXFileReference; fileEncoding = 4; lastKnownFileType = sourcecode.c.objc; path = AuthViewController.m; sourceTree = "<group>"; };
		85CFE43A1B4350B9002A52A1 /* TwitterAuthHelper.h */ = {isa = PBXFileReference; fileEncoding = 4; lastKnownFileType = sourcecode.c.h; path = TwitterAuthHelper.h; sourceTree = "<group>"; };
		85CFE43B1B4350B9002A52A1 /* TwitterAuthHelper.m */ = {isa = PBXFileReference; fileEncoding = 4; lastKnownFileType = sourcecode.c.objc; path = TwitterAuthHelper.m; sourceTree = "<group>"; };
		BF372B441B3B1DEA00D7AE0C /* RateView.h */ = {isa = PBXFileReference; fileEncoding = 4; lastKnownFileType = sourcecode.c.h; path = RateView.h; sourceTree = "<group>"; };
		BF372B451B3B1DEA00D7AE0C /* RateView.m */ = {isa = PBXFileReference; fileEncoding = 4; lastKnownFileType = sourcecode.c.objc; path = RateView.m; sourceTree = "<group>"; };
		BF372B801B3C3F5600D7AE0C /* CoreLocation.framework */ = {isa = PBXFileReference; lastKnownFileType = wrapper.framework; name = CoreLocation.framework; path = System/Library/Frameworks/CoreLocation.framework; sourceTree = SDKROOT; };
		BF372B881B3C531A00D7AE0C /* Social.framework */ = {isa = PBXFileReference; lastKnownFileType = wrapper.framework; name = Social.framework; path = System/Library/Frameworks/Social.framework; sourceTree = SDKROOT; };
		BF372B8A1B3C537200D7AE0C /* Accounts.framework */ = {isa = PBXFileReference; lastKnownFileType = wrapper.framework; name = Accounts.framework; path = System/Library/Frameworks/Accounts.framework; sourceTree = SDKROOT; };
		BF372B8F1B3CD59F00D7AE0C /* TabBar.h */ = {isa = PBXFileReference; fileEncoding = 4; lastKnownFileType = sourcecode.c.h; path = TabBar.h; sourceTree = "<group>"; };
		BF372B901B3CD59F00D7AE0C /* TabBar.m */ = {isa = PBXFileReference; fileEncoding = 4; lastKnownFileType = sourcecode.c.objc; path = TabBar.m; sourceTree = "<group>"; };
		BF4F90841B39E4EC00A93680 /* EditProfileViewController.h */ = {isa = PBXFileReference; fileEncoding = 4; lastKnownFileType = sourcecode.c.h; path = EditProfileViewController.h; sourceTree = "<group>"; };
		BF4F90851B39E4EC00A93680 /* EditProfileViewController.m */ = {isa = PBXFileReference; fileEncoding = 4; lastKnownFileType = sourcecode.c.objc; path = EditProfileViewController.m; sourceTree = "<group>"; };
		BF4F90871B39F0D600A93680 /* AudienceViewController.h */ = {isa = PBXFileReference; fileEncoding = 4; lastKnownFileType = sourcecode.c.h; path = AudienceViewController.h; sourceTree = "<group>"; };
		BF4F90881B39F0D600A93680 /* AudienceViewController.m */ = {isa = PBXFileReference; fileEncoding = 4; lastKnownFileType = sourcecode.c.objc; path = AudienceViewController.m; sourceTree = "<group>"; };
		BF4F908A1B39FA7900A93680 /* RatingViewController.h */ = {isa = PBXFileReference; fileEncoding = 4; lastKnownFileType = sourcecode.c.h; path = RatingViewController.h; sourceTree = "<group>"; };
		BF4F908B1B39FA7900A93680 /* RatingViewController.m */ = {isa = PBXFileReference; fileEncoding = 4; lastKnownFileType = sourcecode.c.objc; path = RatingViewController.m; sourceTree = "<group>"; };
		F96300F51B41E3B3009F459B /* ReceiveTableViewCell.h */ = {isa = PBXFileReference; fileEncoding = 4; lastKnownFileType = sourcecode.c.h; path = ReceiveTableViewCell.h; sourceTree = "<group>"; };
		F96300F61B41E3B3009F459B /* ReceiveTableViewCell.m */ = {isa = PBXFileReference; fileEncoding = 4; lastKnownFileType = sourcecode.c.objc; path = ReceiveTableViewCell.m; sourceTree = "<group>"; };
		F96300F81B41E3C1009F459B /* SendTableViewCell.h */ = {isa = PBXFileReference; fileEncoding = 4; lastKnownFileType = sourcecode.c.h; path = SendTableViewCell.h; sourceTree = "<group>"; };
		F96300F91B41E3C1009F459B /* SendTableViewCell.m */ = {isa = PBXFileReference; fileEncoding = 4; lastKnownFileType = sourcecode.c.objc; path = SendTableViewCell.m; sourceTree = "<group>"; };
		F99E11EF1B3DACFD00A75738 /* HomeTableViewCell.h */ = {isa = PBXFileReference; fileEncoding = 4; lastKnownFileType = sourcecode.c.h; path = HomeTableViewCell.h; sourceTree = "<group>"; };
		F99E11F01B3DACFD00A75738 /* HomeTableViewCell.m */ = {isa = PBXFileReference; fileEncoding = 4; lastKnownFileType = sourcecode.c.objc; path = HomeTableViewCell.m; sourceTree = "<group>"; };
		F9A55C5D1B42F3F500E47D1A /* AudienceReceiveTableViewCell.h */ = {isa = PBXFileReference; fileEncoding = 4; lastKnownFileType = sourcecode.c.h; path = AudienceReceiveTableViewCell.h; sourceTree = "<group>"; };
		F9A55C5E1B42F3F500E47D1A /* AudienceReceiveTableViewCell.m */ = {isa = PBXFileReference; fileEncoding = 4; lastKnownFileType = sourcecode.c.objc; path = AudienceReceiveTableViewCell.m; sourceTree = "<group>"; };
		F9A55C601B42F40600E47D1A /* AudienceSendTableViewCell.h */ = {isa = PBXFileReference; fileEncoding = 4; lastKnownFileType = sourcecode.c.h; path = AudienceSendTableViewCell.h; sourceTree = "<group>"; };
		F9A55C611B42F40600E47D1A /* AudienceSendTableViewCell.m */ = {isa = PBXFileReference; fileEncoding = 4; lastKnownFileType = sourcecode.c.objc; path = AudienceSendTableViewCell.m; sourceTree = "<group>"; };
/* End PBXFileReference section */

/* Begin PBXFrameworksBuildPhase section */
		85963F721B34C8F7006E2868 /* Frameworks */ = {
			isa = PBXFrameworksBuildPhase;
			buildActionMask = 2147483647;
			files = (
				BF372B8B1B3C537200D7AE0C /* Accounts.framework in Frameworks */,
				BF372B891B3C531A00D7AE0C /* Social.framework in Frameworks */,
				BF372B811B3C3F5600D7AE0C /* CoreLocation.framework in Frameworks */,
				85014AA41B359F9700E190C8 /* SystemConfiguration.framework in Frameworks */,
				85014AA21B359F9000E190C8 /* Security.framework in Frameworks */,
				85304DD11B3E6853000405A8 /* Firebase.framework in Frameworks */,
				85014AA01B359F8900E190C8 /* CFNetwork.framework in Frameworks */,
				85014A9E1B359F8100E190C8 /* libc++.dylib in Frameworks */,
				85014A9C1B359F7800E190C8 /* libicucore.dylib in Frameworks */,
				85963FA21B34D264006E2868 /* MapKit.framework in Frameworks */,
				85067ED01B41998A006E536C /* Crashlytics.framework in Frameworks */,
				85067ECF1B41998A006E536C /* Fabric.framework in Frameworks */,
			);
			runOnlyForDeploymentPostprocessing = 0;
		};
		85963F8E1B34C8F7006E2868 /* Frameworks */ = {
			isa = PBXFrameworksBuildPhase;
			buildActionMask = 2147483647;
			files = (
			);
			runOnlyForDeploymentPostprocessing = 0;
		};
/* End PBXFrameworksBuildPhase section */

/* Begin PBXGroup section */
		85014AA51B35A07500E190C8 /* DangerZone!! */ = {
			isa = PBXGroup;
			children = (
				85963F851B34C8F7006E2868 /* Main.storyboard */,
			);
			name = "DangerZone!!";
			sourceTree = "<group>";
		};
		85014AA91B35AEAB00E190C8 /* Controllers */ = {
			isa = PBXGroup;
			children = (
				BF4F90871B39F0D600A93680 /* AudienceViewController.h */,
				BF4F90881B39F0D600A93680 /* AudienceViewController.m */,
				BF4F908A1B39FA7900A93680 /* RatingViewController.h */,
				BF4F908B1B39FA7900A93680 /* RatingViewController.m */,
				85963FA31B359D9C006E2868 /* AuthViewController.h */,
				85963FA41B359D9C006E2868 /* AuthViewController.m */,
				85014AA61B35AE8E00E190C8 /* ProfileViewController.h */,
				85014AA71B35AE8E00E190C8 /* ProfileViewController.m */,
				BF4F90841B39E4EC00A93680 /* EditProfileViewController.h */,
				BF4F90851B39E4EC00A93680 /* EditProfileViewController.m */,
				85963F821B34C8F7006E2868 /* HomeViewController.h */,
				85963F831B34C8F7006E2868 /* HomeViewController.m */,
				85014AAA1B35BD7400E190C8 /* ChatViewController.h */,
				85014AAB1B35BD7400E190C8 /* ChatViewController.m */,
			);
			name = Controllers;
			sourceTree = "<group>";
		};
		85963F6C1B34C8F7006E2868 = {
			isa = PBXGroup;
			children = (
				85963F771B34C8F7006E2868 /* yesand */,
				85963F941B34C8F7006E2868 /* yesandTests */,
				85963F761B34C8F7006E2868 /* Products */,
				E3A497684CF78C658459E9BB /* Frameworks */,
			);
			sourceTree = "<group>";
		};
		85963F761B34C8F7006E2868 /* Products */ = {
			isa = PBXGroup;
			children = (
				85963F751B34C8F7006E2868 /* yesand.app */,
				85963F911B34C8F7006E2868 /* yesandTests.xctest */,
			);
			name = Products;
			sourceTree = "<group>";
		};
		85963F771B34C8F7006E2868 /* yesand */ = {
			isa = PBXGroup;
			children = (
				85963F7C1B34C8F7006E2868 /* AppDelegate.h */,
				85963F7D1B34C8F7006E2868 /* AppDelegate.m */,
				F99E11F21B3DAD0900A75738 /* Custom Classes */,
				85014AA91B35AEAB00E190C8 /* Controllers */,
				85014AA51B35A07500E190C8 /* DangerZone!! */,
				85963F881B34C8F7006E2868 /* Images.xcassets */,
				85963F8A1B34C8F7006E2868 /* LaunchScreen.xib */,
				85963F7F1B34C8F7006E2868 /* yesand.xcdatamodeld */,
				85963F781B34C8F7006E2868 /* Supporting Files */,
			);
			path = yesand;
			sourceTree = "<group>";
		};
		85963F781B34C8F7006E2868 /* Supporting Files */ = {
			isa = PBXGroup;
			children = (
				85963F791B34C8F7006E2868 /* Info.plist */,
				85963F7A1B34C8F7006E2868 /* main.m */,
			);
			name = "Supporting Files";
			sourceTree = "<group>";
		};
		85963F941B34C8F7006E2868 /* yesandTests */ = {
			isa = PBXGroup;
			children = (
				85963F971B34C8F7006E2868 /* yesandTests.m */,
				85963F951B34C8F7006E2868 /* Supporting Files */,
			);
			path = yesandTests;
			sourceTree = "<group>";
		};
		85963F951B34C8F7006E2868 /* Supporting Files */ = {
			isa = PBXGroup;
			children = (
				85963F961B34C8F7006E2868 /* Info.plist */,
			);
			name = "Supporting Files";
			sourceTree = "<group>";
		};
		E3A497684CF78C658459E9BB /* Frameworks */ = {
			isa = PBXGroup;
			children = (
				85067ECD1B41998A006E536C /* Fabric.framework */,
				85067ECE1B41998A006E536C /* Crashlytics.framework */,
				85304DD01B3E6853000405A8 /* Firebase.framework */,
				85963FA11B34D264006E2868 /* MapKit.framework */,
				BF372B8A1B3C537200D7AE0C /* Accounts.framework */,
				BF372B881B3C531A00D7AE0C /* Social.framework */,
				BF372B801B3C3F5600D7AE0C /* CoreLocation.framework */,
				85014AA31B359F9700E190C8 /* SystemConfiguration.framework */,
				85014AA11B359F9000E190C8 /* Security.framework */,
				85014A9F1B359F8900E190C8 /* CFNetwork.framework */,
				85014A9D1B359F8100E190C8 /* libc++.dylib */,
				85014A9B1B359F7800E190C8 /* libicucore.dylib */,
			);
			name = Frameworks;
			sourceTree = "<group>";
		};
		F99E11F21B3DAD0900A75738 /* Custom Classes */ = {
			isa = PBXGroup;
			children = (
				85CFE43A1B4350B9002A52A1 /* TwitterAuthHelper.h */,
				85CFE43B1B4350B9002A52A1 /* TwitterAuthHelper.m */,
				F96300F51B41E3B3009F459B /* ReceiveTableViewCell.h */,
				F96300F61B41E3B3009F459B /* ReceiveTableViewCell.m */,
				F96300F81B41E3C1009F459B /* SendTableViewCell.h */,
				F96300F91B41E3C1009F459B /* SendTableViewCell.m */,
				F9A55C5D1B42F3F500E47D1A /* AudienceReceiveTableViewCell.h */,
				F9A55C5E1B42F3F500E47D1A /* AudienceReceiveTableViewCell.m */,
				F9A55C601B42F40600E47D1A /* AudienceSendTableViewCell.h */,
				F9A55C611B42F40600E47D1A /* AudienceSendTableViewCell.m */,
				F99E11EF1B3DACFD00A75738 /* HomeTableViewCell.h */,
				F99E11F01B3DACFD00A75738 /* HomeTableViewCell.m */,
				BF372B8F1B3CD59F00D7AE0C /* TabBar.h */,
				BF372B901B3CD59F00D7AE0C /* TabBar.m */,
				BF372B441B3B1DEA00D7AE0C /* RateView.h */,
				BF372B451B3B1DEA00D7AE0C /* RateView.m */,
			);
			name = "Custom Classes";
			sourceTree = "<group>";
		};
/* End PBXGroup section */

/* Begin PBXNativeTarget section */
		85963F741B34C8F7006E2868 /* yesand */ = {
			isa = PBXNativeTarget;
			buildConfigurationList = 85963F9B1B34C8F7006E2868 /* Build configuration list for PBXNativeTarget "yesand" */;
			buildPhases = (
				85963F711B34C8F7006E2868 /* Sources */,
				85963F721B34C8F7006E2868 /* Frameworks */,
				85963F731B34C8F7006E2868 /* Resources */,
				85067ECC1B41994A006E536C /* ShellScript */,
			);
			buildRules = (
			);
			dependencies = (
			);
			name = yesand;
			productName = yesand;
			productReference = 85963F751B34C8F7006E2868 /* yesand.app */;
			productType = "com.apple.product-type.application";
		};
		85963F901B34C8F7006E2868 /* yesandTests */ = {
			isa = PBXNativeTarget;
			buildConfigurationList = 85963F9E1B34C8F7006E2868 /* Build configuration list for PBXNativeTarget "yesandTests" */;
			buildPhases = (
				85963F8D1B34C8F7006E2868 /* Sources */,
				85963F8E1B34C8F7006E2868 /* Frameworks */,
				85963F8F1B34C8F7006E2868 /* Resources */,
			);
			buildRules = (
			);
			dependencies = (
				85963F931B34C8F7006E2868 /* PBXTargetDependency */,
			);
			name = yesandTests;
			productName = yesandTests;
			productReference = 85963F911B34C8F7006E2868 /* yesandTests.xctest */;
			productType = "com.apple.product-type.bundle.unit-test";
		};
/* End PBXNativeTarget section */

/* Begin PBXProject section */
		85963F6D1B34C8F7006E2868 /* Project object */ = {
			isa = PBXProject;
			attributes = {
				LastUpgradeCheck = 0630;
				ORGANIZATIONNAME = Meduse;
				TargetAttributes = {
					85963F741B34C8F7006E2868 = {
						CreatedOnToolsVersion = 6.3.2;
					};
					85963F901B34C8F7006E2868 = {
						CreatedOnToolsVersion = 6.3.2;
						TestTargetID = 85963F741B34C8F7006E2868;
					};
				};
			};
			buildConfigurationList = 85963F701B34C8F7006E2868 /* Build configuration list for PBXProject "yesand" */;
			compatibilityVersion = "Xcode 3.2";
			developmentRegion = English;
			hasScannedForEncodings = 0;
			knownRegions = (
				en,
				Base,
			);
			mainGroup = 85963F6C1B34C8F7006E2868;
			productRefGroup = 85963F761B34C8F7006E2868 /* Products */;
			projectDirPath = "";
			projectRoot = "";
			targets = (
				85963F741B34C8F7006E2868 /* yesand */,
				85963F901B34C8F7006E2868 /* yesandTests */,
			);
		};
/* End PBXProject section */

/* Begin PBXResourcesBuildPhase section */
		85963F731B34C8F7006E2868 /* Resources */ = {
			isa = PBXResourcesBuildPhase;
			buildActionMask = 2147483647;
			files = (
				85963F871B34C8F7006E2868 /* Main.storyboard in Resources */,
				85963F8C1B34C8F7006E2868 /* LaunchScreen.xib in Resources */,
				85963F891B34C8F7006E2868 /* Images.xcassets in Resources */,
			);
			runOnlyForDeploymentPostprocessing = 0;
		};
		85963F8F1B34C8F7006E2868 /* Resources */ = {
			isa = PBXResourcesBuildPhase;
			buildActionMask = 2147483647;
			files = (
			);
			runOnlyForDeploymentPostprocessing = 0;
		};
/* End PBXResourcesBuildPhase section */

/* Begin PBXShellScriptBuildPhase section */
		85067ECC1B41994A006E536C /* ShellScript */ = {
			isa = PBXShellScriptBuildPhase;
			buildActionMask = 2147483647;
			files = (
			);
			inputPaths = (
			);
			outputPaths = (
			);
			runOnlyForDeploymentPostprocessing = 0;
			shellPath = /bin/sh;
			shellScript = "./Fabric.framework/run f365e72623950114378e6bef7103ffc9fac3da4e 7e6fd4af0f7444eacb02b183c55a9d69c6008269b37f9ea294ee79d48301b99c";
		};
/* End PBXShellScriptBuildPhase section */

/* Begin PBXSourcesBuildPhase section */
		85963F711B34C8F7006E2868 /* Sources */ = {
			isa = PBXSourcesBuildPhase;
			buildActionMask = 2147483647;
			files = (
				BF4F90861B39E4EC00A93680 /* EditProfileViewController.m in Sources */,
				85963F811B34C8F7006E2868 /* yesand.xcdatamodeld in Sources */,
				85963FA51B359D9C006E2868 /* AuthViewController.m in Sources */,
				85963F7E1B34C8F7006E2868 /* AppDelegate.m in Sources */,
				85963F841B34C8F7006E2868 /* HomeViewController.m in Sources */,
				85014AA81B35AE8E00E190C8 /* ProfileViewController.m in Sources */,
				F96300F71B41E3B3009F459B /* ReceiveTableViewCell.m in Sources */,
				BF4F908C1B39FA7900A93680 /* RatingViewController.m in Sources */,
				F99E11F11B3DACFD00A75738 /* HomeTableViewCell.m in Sources */,
				BF372B461B3B1DEA00D7AE0C /* RateView.m in Sources */,
				F96300FA1B41E3C1009F459B /* SendTableViewCell.m in Sources */,
				BF4F90891B39F0D600A93680 /* AudienceViewController.m in Sources */,
				F9A55C621B42F40600E47D1A /* AudienceSendTableViewCell.m in Sources */,
				85CFE43C1B4350B9002A52A1 /* TwitterAuthHelper.m in Sources */,
				BF372B911B3CD59F00D7AE0C /* TabBar.m in Sources */,
				85014AAC1B35BD7400E190C8 /* ChatViewController.m in Sources */,
				F9A55C5F1B42F3F500E47D1A /* AudienceReceiveTableViewCell.m in Sources */,
				85963F7B1B34C8F7006E2868 /* main.m in Sources */,
			);
			runOnlyForDeploymentPostprocessing = 0;
		};
		85963F8D1B34C8F7006E2868 /* Sources */ = {
			isa = PBXSourcesBuildPhase;
			buildActionMask = 2147483647;
			files = (
				85963F981B34C8F7006E2868 /* yesandTests.m in Sources */,
			);
			runOnlyForDeploymentPostprocessing = 0;
		};
/* End PBXSourcesBuildPhase section */

/* Begin PBXTargetDependency section */
		85963F931B34C8F7006E2868 /* PBXTargetDependency */ = {
			isa = PBXTargetDependency;
			target = 85963F741B34C8F7006E2868 /* yesand */;
			targetProxy = 85963F921B34C8F7006E2868 /* PBXContainerItemProxy */;
		};
/* End PBXTargetDependency section */

/* Begin PBXVariantGroup section */
		85963F851B34C8F7006E2868 /* Main.storyboard */ = {
			isa = PBXVariantGroup;
			children = (
				85963F861B34C8F7006E2868 /* Base */,
			);
			name = Main.storyboard;
			sourceTree = "<group>";
		};
		85963F8A1B34C8F7006E2868 /* LaunchScreen.xib */ = {
			isa = PBXVariantGroup;
			children = (
				85963F8B1B34C8F7006E2868 /* Base */,
			);
			name = LaunchScreen.xib;
			sourceTree = "<group>";
		};
/* End PBXVariantGroup section */

/* Begin XCBuildConfiguration section */
		85963F991B34C8F7006E2868 /* Debug */ = {
			isa = XCBuildConfiguration;
			buildSettings = {
				ALWAYS_SEARCH_USER_PATHS = NO;
				CLANG_CXX_LANGUAGE_STANDARD = "gnu++0x";
				CLANG_CXX_LIBRARY = "libc++";
				CLANG_ENABLE_MODULES = YES;
				CLANG_ENABLE_OBJC_ARC = YES;
				CLANG_WARN_BOOL_CONVERSION = YES;
				CLANG_WARN_CONSTANT_CONVERSION = YES;
				CLANG_WARN_DIRECT_OBJC_ISA_USAGE = YES_ERROR;
				CLANG_WARN_EMPTY_BODY = YES;
				CLANG_WARN_ENUM_CONVERSION = YES;
				CLANG_WARN_INT_CONVERSION = YES;
				CLANG_WARN_OBJC_ROOT_CLASS = YES_ERROR;
				CLANG_WARN_UNREACHABLE_CODE = YES;
				CLANG_WARN__DUPLICATE_METHOD_MATCH = YES;
				"CODE_SIGN_IDENTITY[sdk=iphoneos*]" = "iPhone Developer";
				COPY_PHASE_STRIP = NO;
				DEBUG_INFORMATION_FORMAT = "dwarf-with-dsym";
				ENABLE_STRICT_OBJC_MSGSEND = YES;
				GCC_C_LANGUAGE_STANDARD = gnu99;
				GCC_DYNAMIC_NO_PIC = NO;
				GCC_NO_COMMON_BLOCKS = YES;
				GCC_OPTIMIZATION_LEVEL = 0;
				GCC_PREPROCESSOR_DEFINITIONS = (
					"DEBUG=1",
					"$(inherited)",
				);
				GCC_SYMBOLS_PRIVATE_EXTERN = NO;
				GCC_WARN_64_TO_32_BIT_CONVERSION = YES;
				GCC_WARN_ABOUT_RETURN_TYPE = YES_ERROR;
				GCC_WARN_UNDECLARED_SELECTOR = YES;
				GCC_WARN_UNINITIALIZED_AUTOS = YES_AGGRESSIVE;
				GCC_WARN_UNUSED_FUNCTION = YES;
				GCC_WARN_UNUSED_VARIABLE = YES;
				IPHONEOS_DEPLOYMENT_TARGET = 8.3;
				MTL_ENABLE_DEBUG_INFO = YES;
				ONLY_ACTIVE_ARCH = YES;
				SDKROOT = iphoneos;
			};
			name = Debug;
		};
		85963F9A1B34C8F7006E2868 /* Release */ = {
			isa = XCBuildConfiguration;
			buildSettings = {
				ALWAYS_SEARCH_USER_PATHS = NO;
				CLANG_CXX_LANGUAGE_STANDARD = "gnu++0x";
				CLANG_CXX_LIBRARY = "libc++";
				CLANG_ENABLE_MODULES = YES;
				CLANG_ENABLE_OBJC_ARC = YES;
				CLANG_WARN_BOOL_CONVERSION = YES;
				CLANG_WARN_CONSTANT_CONVERSION = YES;
				CLANG_WARN_DIRECT_OBJC_ISA_USAGE = YES_ERROR;
				CLANG_WARN_EMPTY_BODY = YES;
				CLANG_WARN_ENUM_CONVERSION = YES;
				CLANG_WARN_INT_CONVERSION = YES;
				CLANG_WARN_OBJC_ROOT_CLASS = YES_ERROR;
				CLANG_WARN_UNREACHABLE_CODE = YES;
				CLANG_WARN__DUPLICATE_METHOD_MATCH = YES;
				"CODE_SIGN_IDENTITY[sdk=iphoneos*]" = "iPhone Developer";
				COPY_PHASE_STRIP = NO;
				DEBUG_INFORMATION_FORMAT = "dwarf-with-dsym";
				ENABLE_NS_ASSERTIONS = NO;
				ENABLE_STRICT_OBJC_MSGSEND = YES;
				GCC_C_LANGUAGE_STANDARD = gnu99;
				GCC_NO_COMMON_BLOCKS = YES;
				GCC_WARN_64_TO_32_BIT_CONVERSION = YES;
				GCC_WARN_ABOUT_RETURN_TYPE = YES_ERROR;
				GCC_WARN_UNDECLARED_SELECTOR = YES;
				GCC_WARN_UNINITIALIZED_AUTOS = YES_AGGRESSIVE;
				GCC_WARN_UNUSED_FUNCTION = YES;
				GCC_WARN_UNUSED_VARIABLE = YES;
				IPHONEOS_DEPLOYMENT_TARGET = 8.3;
				MTL_ENABLE_DEBUG_INFO = NO;
				SDKROOT = iphoneos;
				VALIDATE_PRODUCT = YES;
			};
			name = Release;
		};
		85963F9C1B34C8F7006E2868 /* Debug */ = {
			isa = XCBuildConfiguration;
			buildSettings = {
				ASSETCATALOG_COMPILER_APPICON_NAME = AppIcon;
				FRAMEWORK_SEARCH_PATHS = (
					"$(inherited)",
					"$(PROJECT_DIR)",
				);
				INFOPLIST_FILE = yesand/Info.plist;
				IPHONEOS_DEPLOYMENT_TARGET = 8.3;
				LD_RUNPATH_SEARCH_PATHS = "$(inherited) @executable_path/Frameworks";
				OTHER_LDFLAGS = "-ObjC";
				PRODUCT_NAME = "$(TARGET_NAME)";
				TARGETED_DEVICE_FAMILY = "1,2";
			};
			name = Debug;
		};
		85963F9D1B34C8F7006E2868 /* Release */ = {
			isa = XCBuildConfiguration;
			buildSettings = {
				ASSETCATALOG_COMPILER_APPICON_NAME = AppIcon;
				FRAMEWORK_SEARCH_PATHS = (
					"$(inherited)",
					"$(PROJECT_DIR)",
				);
				INFOPLIST_FILE = yesand/Info.plist;
				IPHONEOS_DEPLOYMENT_TARGET = 8.3;
				LD_RUNPATH_SEARCH_PATHS = "$(inherited) @executable_path/Frameworks";
				OTHER_LDFLAGS = "-ObjC";
				PRODUCT_NAME = "$(TARGET_NAME)";
				TARGETED_DEVICE_FAMILY = "1,2";
			};
			name = Release;
		};
		85963F9F1B34C8F7006E2868 /* Debug */ = {
			isa = XCBuildConfiguration;
			buildSettings = {
				BUNDLE_LOADER = "$(TEST_HOST)";
				FRAMEWORK_SEARCH_PATHS = (
					"$(SDKROOT)/Developer/Library/Frameworks",
					"$(inherited)",
				);
				GCC_PREPROCESSOR_DEFINITIONS = (
					"DEBUG=1",
					"$(inherited)",
				);
				INFOPLIST_FILE = yesandTests/Info.plist;
				LD_RUNPATH_SEARCH_PATHS = "$(inherited) @executable_path/Frameworks @loader_path/Frameworks";
				OTHER_LDFLAGS = (
					"$(inherited)",
					"-framework",
					XCTest,
					"-ObjC",
				);
				PRODUCT_NAME = "$(TARGET_NAME)";
				TEST_HOST = "$(BUILT_PRODUCTS_DIR)/yesand.app/yesand";
			};
			name = Debug;
		};
		85963FA01B34C8F7006E2868 /* Release */ = {
			isa = XCBuildConfiguration;
			buildSettings = {
				BUNDLE_LOADER = "$(TEST_HOST)";
				FRAMEWORK_SEARCH_PATHS = (
					"$(SDKROOT)/Developer/Library/Frameworks",
					"$(inherited)",
				);
				INFOPLIST_FILE = yesandTests/Info.plist;
				LD_RUNPATH_SEARCH_PATHS = "$(inherited) @executable_path/Frameworks @loader_path/Frameworks";
				OTHER_LDFLAGS = (
					"$(inherited)",
					"-framework",
					XCTest,
					"-ObjC",
				);
				PRODUCT_NAME = "$(TARGET_NAME)";
				TEST_HOST = "$(BUILT_PRODUCTS_DIR)/yesand.app/yesand";
			};
			name = Release;
		};
/* End XCBuildConfiguration section */

/* Begin XCConfigurationList section */
		85963F701B34C8F7006E2868 /* Build configuration list for PBXProject "yesand" */ = {
			isa = XCConfigurationList;
			buildConfigurations = (
				85963F991B34C8F7006E2868 /* Debug */,
				85963F9A1B34C8F7006E2868 /* Release */,
			);
			defaultConfigurationIsVisible = 0;
			defaultConfigurationName = Release;
		};
		85963F9B1B34C8F7006E2868 /* Build configuration list for PBXNativeTarget "yesand" */ = {
			isa = XCConfigurationList;
			buildConfigurations = (
				85963F9C1B34C8F7006E2868 /* Debug */,
				85963F9D1B34C8F7006E2868 /* Release */,
			);
			defaultConfigurationIsVisible = 0;
			defaultConfigurationName = Release;
		};
		85963F9E1B34C8F7006E2868 /* Build configuration list for PBXNativeTarget "yesandTests" */ = {
			isa = XCConfigurationList;
			buildConfigurations = (
				85963F9F1B34C8F7006E2868 /* Debug */,
				85963FA01B34C8F7006E2868 /* Release */,
			);
			defaultConfigurationIsVisible = 0;
			defaultConfigurationName = Release;
		};
/* End XCConfigurationList section */

/* Begin XCVersionGroup section */
		85963F7F1B34C8F7006E2868 /* yesand.xcdatamodeld */ = {
			isa = XCVersionGroup;
			children = (
				85963F801B34C8F7006E2868 /* yesand.xcdatamodel */,
			);
			currentVersion = 85963F801B34C8F7006E2868 /* yesand.xcdatamodel */;
			path = yesand.xcdatamodeld;
			sourceTree = "<group>";
			versionGroupType = wrapper.xcdatamodel;
		};
/* End XCVersionGroup section */
	};
	rootObject = 85963F6D1B34C8F7006E2868 /* Project object */;
}
